# This file was autogenerated by Stack.
# You should not edit this file by hand.
# For more information, please see the documentation at:
#   https://docs.haskellstack.org/en/stable/lock_files

packages:
- completed:
    name: hakyll
    version: 4.12.4.0
    git: https://github.com/dzhus/hakyll
    pantry-tree:
      size: 10733
      sha256: 4168f333f1e662daaf4a62caca5600ad10200a0af7c2f7bdb13348e59a8ac7bf
    commit: ce71b85364c4a831cc47fada6fd367fa7e9d9efc
  original:
    git: https://github.com/dzhus/hakyll
    commit: ce71b85364c4a831cc47fada6fd367fa7e9d9efc
snapshots:
- completed:
    size: 507599
    url: https://raw.githubusercontent.com/commercialhaskell/stackage-snapshots/master/lts/11/11.yaml
    sha256: 5ec0a1ff4dadde524eb529784556bcc32014422fd1e1ed91231c59f001e92ca9
  original: lts-11.11
